
Microsoft Visual Studio Solution File, Format Version 12.00
Project("{FAE04EC0-301F-11D3-BF4B-00C04F79EFBC}") = "Application", "FSH\src\Core\Application\Application.csproj", "{C6B373B2-5BC2-4C50-A9DB-484483DE9DF3}"
EndProject
Project("{FAE04EC0-301F-11D3-BF4B-00C04F79EFBC}") = "Domain", "FSH\src\Core\Domain\Domain.csproj", "{0445DDAA-A460-4C87-B4CB-2EB6E7F00B34}"
EndProject
Project("{FAE04EC0-301F-11D3-BF4B-00C04F79EFBC}") = "Shared", "FSH\src\Core\Shared\Shared.csproj", "{B86E473B-BD47-4023-9F9F-6DB561EA46EB}"
EndProject
Project("{FAE04EC0-301F-11D3-BF4B-00C04F79EFBC}") = "Host", "FSH\src\Host\Host.csproj", "{F17394D8-1D7E-4BE0-88E7-8741239C2A40}"
EndProject
Project("{FAE04EC0-301F-11D3-BF4B-00C04F79EFBC}") = "Infrastructure", "FSH\src\Infrastructure\Infrastructure.csproj", "{10E35366-1B8E-4160-9C30-1E6C30CFE41D}"
EndProject
Project("{FAE04EC0-301F-11D3-BF4B-00C04F79EFBC}") = "Migrators.MSSQL", "FSH\src\Migrators\Migrators.MSSQL\Migrators.MSSQL.csproj", "{D21FA16D-451D-41E6-9471-BE23A2240991}"
EndProject
Project("{FAE04EC0-301F-11D3-BF4B-00C04F79EFBC}") = "Migrators.MySQL", "FSH\src\Migrators\Migrators.MySQL\Migrators.MySQL.csproj", "{732216CB-4671-42D6-9F03-CAC851DADB9F}"
EndProject
Project("{FAE04EC0-301F-11D3-BF4B-00C04F79EFBC}") = "Migrators.Oracle", "FSH\src\Migrators\Migrators.Oracle\Migrators.Oracle.csproj", "{20531871-8A4D-4C0F-A4D5-118829107662}"
EndProject
Project("{FAE04EC0-301F-11D3-BF4B-00C04F79EFBC}") = "Migrators.PostgreSQL", "FSH\src\Migrators\Migrators.PostgreSQL\Migrators.PostgreSQL.csproj", "{211B7AEF-F529-4C99-B73C-E9CD76325C77}"
EndProject
Project("{FAE04EC0-301F-11D3-BF4B-00C04F79EFBC}") = "Migrators.SqLite", "FSH\src\Migrators\Migrators.SqLite\Migrators.SqLite.csproj", "{B422D9EC-5278-4D7A-818B-6A628F8E28DD}"
EndProject
Project("{FAE04EC0-301F-11D3-BF4B-00C04F79EFBC}") = "Infrastructure.Test", "FSH\tests\Infrastructure.Test\Infrastructure.Test.csproj", "{36295223-DA4A-4628-A064-89437726F615}"
EndProject
Global
	GlobalSection(SolutionConfigurationPlatforms) = preSolution
		Debug|Any CPU = Debug|Any CPU
		Release|Any CPU = Release|Any CPU
	EndGlobalSection
	GlobalSection(ProjectConfigurationPlatforms) = postSolution
		{C6B373B2-5BC2-4C50-A9DB-484483DE9DF3}.Debug|Any CPU.ActiveCfg = Debug|Any CPU
		{C6B373B2-5BC2-4C50-A9DB-484483DE9DF3}.Debug|Any CPU.Build.0 = Debug|Any CPU
		{C6B373B2-5BC2-4C50-A9DB-484483DE9DF3}.Release|Any CPU.ActiveCfg = Release|Any CPU
		{C6B373B2-5BC2-4C50-A9DB-484483DE9DF3}.Release|Any CPU.Build.0 = Release|Any CPU
		{0445DDAA-A460-4C87-B4CB-2EB6E7F00B34}.Debug|Any CPU.ActiveCfg = Debug|Any CPU
		{0445DDAA-A460-4C87-B4CB-2EB6E7F00B34}.Debug|Any CPU.Build.0 = Debug|Any CPU
		{0445DDAA-A460-4C87-B4CB-2EB6E7F00B34}.Release|Any CPU.ActiveCfg = Release|Any CPU
		{0445DDAA-A460-4C87-B4CB-2EB6E7F00B34}.Release|Any CPU.Build.0 = Release|Any CPU
		{B86E473B-BD47-4023-9F9F-6DB561EA46EB}.Debug|Any CPU.ActiveCfg = Debug|Any CPU
		{B86E473B-BD47-4023-9F9F-6DB561EA46EB}.Debug|Any CPU.Build.0 = Debug|Any CPU
		{B86E473B-BD47-4023-9F9F-6DB561EA46EB}.Release|Any CPU.ActiveCfg = Release|Any CPU
		{B86E473B-BD47-4023-9F9F-6DB561EA46EB}.Release|Any CPU.Build.0 = Release|Any CPU
		{F17394D8-1D7E-4BE0-88E7-8741239C2A40}.Debug|Any CPU.ActiveCfg = Debug|Any CPU
		{F17394D8-1D7E-4BE0-88E7-8741239C2A40}.Debug|Any CPU.Build.0 = Debug|Any CPU
		{F17394D8-1D7E-4BE0-88E7-8741239C2A40}.Release|Any CPU.ActiveCfg = Release|Any CPU
		{F17394D8-1D7E-4BE0-88E7-8741239C2A40}.Release|Any CPU.Build.0 = Release|Any CPU
		{10E35366-1B8E-4160-9C30-1E6C30CFE41D}.Debug|Any CPU.ActiveCfg = Debug|Any CPU
		{10E35366-1B8E-4160-9C30-1E6C30CFE41D}.Debug|Any CPU.Build.0 = Debug|Any CPU
		{10E35366-1B8E-4160-9C30-1E6C30CFE41D}.Release|Any CPU.ActiveCfg = Release|Any CPU
		{10E35366-1B8E-4160-9C30-1E6C30CFE41D}.Release|Any CPU.Build.0 = Release|Any CPU
		{D21FA16D-451D-41E6-9471-BE23A2240991}.Debug|Any CPU.ActiveCfg = Debug|Any CPU
		{D21FA16D-451D-41E6-9471-BE23A2240991}.Debug|Any CPU.Build.0 = Debug|Any CPU
		{D21FA16D-451D-41E6-9471-BE23A2240991}.Release|Any CPU.ActiveCfg = Release|Any CPU
		{D21FA16D-451D-41E6-9471-BE23A2240991}.Release|Any CPU.Build.0 = Release|Any CPU
		{732216CB-4671-42D6-9F03-CAC851DADB9F}.Debug|Any CPU.ActiveCfg = Debug|Any CPU
		{732216CB-4671-42D6-9F03-CAC851DADB9F}.Debug|Any CPU.Build.0 = Debug|Any CPU
		{732216CB-4671-42D6-9F03-CAC851DADB9F}.Release|Any CPU.ActiveCfg = Release|Any CPU
		{732216CB-4671-42D6-9F03-CAC851DADB9F}.Release|Any CPU.Build.0 = Release|Any CPU
		{20531871-8A4D-4C0F-A4D5-118829107662}.Debug|Any CPU.ActiveCfg = Debug|Any CPU
		{20531871-8A4D-4C0F-A4D5-118829107662}.Debug|Any CPU.Build.0 = Debug|Any CPU
		{20531871-8A4D-4C0F-A4D5-118829107662}.Release|Any CPU.ActiveCfg = Release|Any CPU
		{20531871-8A4D-4C0F-A4D5-118829107662}.Release|Any CPU.Build.0 = Release|Any CPU
		{211B7AEF-F529-4C99-B73C-E9CD76325C77}.Debug|Any CPU.ActiveCfg = Debug|Any CPU
		{211B7AEF-F529-4C99-B73C-E9CD76325C77}.Debug|Any CPU.Build.0 = Debug|Any CPU
		{211B7AEF-F529-4C99-B73C-E9CD76325C77}.Release|Any CPU.ActiveCfg = Release|Any CPU
		{211B7AEF-F529-4C99-B73C-E9CD76325C77}.Release|Any CPU.Build.0 = Release|Any CPU
		{B422D9EC-5278-4D7A-818B-6A628F8E28DD}.Debug|Any CPU.ActiveCfg = Debug|Any CPU
		{B422D9EC-5278-4D7A-818B-6A628F8E28DD}.Debug|Any CPU.Build.0 = Debug|Any CPU
		{B422D9EC-5278-4D7A-818B-6A628F8E28DD}.Release|Any CPU.ActiveCfg = Release|Any CPU
		{B422D9EC-5278-4D7A-818B-6A628F8E28DD}.Release|Any CPU.Build.0 = Release|Any CPU
		{36295223-DA4A-4628-A064-89437726F615}.Debug|Any CPU.ActiveCfg = Debug|Any CPU
		{36295223-DA4A-4628-A064-89437726F615}.Debug|Any CPU.Build.0 = Debug|Any CPU
		{36295223-DA4A-4628-A064-89437726F615}.Release|Any CPU.ActiveCfg = Release|Any CPU
		{36295223-DA4A-4628-A064-89437726F615}.Release|Any CPU.Build.0 = Release|Any CPU
	EndGlobalSection
EndGlobal
